version: 5
environments:
  default:
    channels:
    - url: https://conda.anaconda.org/conda-forge/
    indexes:
    - https://pypi.org/simple
    packages:
      linux-64:
      - conda: https://conda.anaconda.org/conda-forge/linux-64/_libgcc_mutex-0.1-conda_forge.tar.bz2
      - conda: https://conda.anaconda.org/conda-forge/linux-64/_openmp_mutex-4.5-2_gnu.tar.bz2
      - conda: https://conda.anaconda.org/conda-forge/linux-64/blosc-1.21.6-hef167b5_0.conda
      - conda: https://conda.anaconda.org/conda-forge/linux-64/bzip2-1.0.8-hd590300_5.conda
      - conda: https://conda.anaconda.org/conda-forge/linux-64/c-ares-1.28.1-hd590300_0.conda
      - conda: https://conda.anaconda.org/conda-forge/linux-64/ca-certificates-2024.7.4-hbcca054_0.conda
      - conda: https://conda.anaconda.org/conda-forge/noarch/certifi-2024.6.2-pyhd8ed1ab_0.conda
      - conda: https://conda.anaconda.org/conda-forge/linux-64/cftime-1.6.4-py312h085067d_0.conda
      - conda: https://conda.anaconda.org/conda-forge/linux-64/hdf4-4.2.15-h2a13503_7.conda
      - conda: https://conda.anaconda.org/conda-forge/linux-64/hdf5-1.14.3-nompi_hdf9ad27_105.conda
      - conda: https://conda.anaconda.org/conda-forge/linux-64/icu-73.2-h59595ed_0.conda
      - conda: https://conda.anaconda.org/conda-forge/linux-64/keyutils-1.6.1-h166bdaf_0.tar.bz2
      - conda: https://conda.anaconda.org/conda-forge/linux-64/krb5-1.21.3-h659f571_0.conda
      - conda: https://conda.anaconda.org/conda-forge/linux-64/ld_impl_linux-64-2.40-hf3520f5_7.conda
      - conda: https://conda.anaconda.org/conda-forge/linux-64/libaec-1.1.3-h59595ed_0.conda
      - conda: https://conda.anaconda.org/conda-forge/linux-64/libblas-3.9.0-22_linux64_openblas.conda
      - conda: https://conda.anaconda.org/conda-forge/linux-64/libcblas-3.9.0-22_linux64_openblas.conda
      - conda: https://conda.anaconda.org/conda-forge/linux-64/libcurl-8.8.0-hca28451_1.conda
      - conda: https://conda.anaconda.org/conda-forge/linux-64/libedit-3.1.20191231-he28a2e2_2.tar.bz2
      - conda: https://conda.anaconda.org/conda-forge/linux-64/libev-4.33-hd590300_2.conda
      - conda: https://conda.anaconda.org/conda-forge/linux-64/libexpat-2.6.2-h59595ed_0.conda
      - conda: https://conda.anaconda.org/conda-forge/linux-64/libffi-3.4.2-h7f98852_5.tar.bz2
      - conda: https://conda.anaconda.org/conda-forge/linux-64/libgcc-ng-14.1.0-h77fa898_0.conda
      - conda: https://conda.anaconda.org/conda-forge/linux-64/libgfortran-ng-14.1.0-h69a702a_0.conda
      - conda: https://conda.anaconda.org/conda-forge/linux-64/libgfortran5-14.1.0-hc5f4f2c_0.conda
      - conda: https://conda.anaconda.org/conda-forge/linux-64/libgomp-14.1.0-h77fa898_0.conda
      - conda: https://conda.anaconda.org/conda-forge/linux-64/libiconv-1.17-hd590300_2.conda
      - conda: https://conda.anaconda.org/conda-forge/linux-64/libjpeg-turbo-3.0.0-hd590300_1.conda
      - conda: https://conda.anaconda.org/conda-forge/linux-64/liblapack-3.9.0-22_linux64_openblas.conda
      - conda: https://conda.anaconda.org/conda-forge/linux-64/libnetcdf-4.9.2-nompi_h135f659_114.conda
      - conda: https://conda.anaconda.org/conda-forge/linux-64/libnghttp2-1.58.0-h47da74e_1.conda
      - conda: https://conda.anaconda.org/conda-forge/linux-64/libnsl-2.0.1-hd590300_0.conda
      - conda: https://conda.anaconda.org/conda-forge/linux-64/libopenblas-0.3.27-pthreads_h413a1c8_0.conda
      - conda: https://conda.anaconda.org/conda-forge/linux-64/libsqlite-3.46.0-hde9e2c9_0.conda
      - conda: https://conda.anaconda.org/conda-forge/linux-64/libssh2-1.11.0-h0841786_0.conda
      - conda: https://conda.anaconda.org/conda-forge/linux-64/libstdcxx-ng-14.1.0-hc0a3c3a_0.conda
      - conda: https://conda.anaconda.org/conda-forge/linux-64/libuuid-2.38.1-h0b41bf4_0.conda
      - conda: https://conda.anaconda.org/conda-forge/linux-64/libxcrypt-4.4.36-hd590300_1.conda
      - conda: https://conda.anaconda.org/conda-forge/linux-64/libxml2-2.12.7-hc051c1a_1.conda
      - conda: https://conda.anaconda.org/conda-forge/linux-64/libzip-1.10.1-h2629f0a_3.conda
      - conda: https://conda.anaconda.org/conda-forge/linux-64/libzlib-1.3.1-h4ab18f5_1.conda
      - conda: https://conda.anaconda.org/conda-forge/linux-64/lz4-c-1.9.4-hcb278e6_0.conda
      - conda: https://conda.anaconda.org/conda-forge/linux-64/ncurses-6.5-h59595ed_0.conda
      - conda: https://conda.anaconda.org/conda-forge/linux-64/netcdf4-1.7.1-nompi_py312h1ef7fb6_101.conda
      - conda: https://conda.anaconda.org/conda-forge/linux-64/numpy-2.0.0-py312h22e1c76_0.conda
      - conda: https://conda.anaconda.org/conda-forge/linux-64/openssl-3.3.1-h4ab18f5_1.conda
      - conda: https://conda.anaconda.org/conda-forge/linux-64/python-3.12.4-h194c7f8_0_cpython.conda
      - conda: https://conda.anaconda.org/conda-forge/linux-64/python_abi-3.12-4_cp312.conda
      - conda: https://conda.anaconda.org/conda-forge/linux-64/readline-8.2-h8228510_1.conda
      - conda: https://conda.anaconda.org/conda-forge/noarch/setuptools-70.1.1-pyhd8ed1ab_0.conda
      - conda: https://conda.anaconda.org/conda-forge/linux-64/snappy-1.2.1-ha2e4443_0.conda
      - conda: https://conda.anaconda.org/conda-forge/linux-64/tk-8.6.13-noxft_h4845f30_101.conda
      - conda: https://conda.anaconda.org/conda-forge/noarch/tzdata-2024a-h0c530f3_0.conda
      - conda: https://conda.anaconda.org/conda-forge/linux-64/xz-5.2.6-h166bdaf_0.tar.bz2
      - conda: https://conda.anaconda.org/conda-forge/linux-64/zlib-1.3.1-h4ab18f5_1.conda
      - conda: https://conda.anaconda.org/conda-forge/linux-64/zstd-1.5.6-ha6fb4c9_0.conda
      - pypi: https://files.pythonhosted.org/packages/01/29/65d81d2546a2487d57e16b2b789bbc0279b081766a75587e60002f16a6b8/contourpy-1.2.1-cp312-cp312-manylinux_2_17_x86_64.manylinux2014_x86_64.whl
      - pypi: https://files.pythonhosted.org/packages/e7/05/c19819d5e3d95294a6f5947fb9b9629efb316b96de511b418c53d245aae6/cycler-0.12.1-py3-none-any.whl
      - pypi: https://files.pythonhosted.org/packages/db/2b/5779cfd48625e013c2dfcf0c246474d5b1f5d061a5f1e476037bf9fff3a3/fonttools-4.53.1-cp312-cp312-manylinux_2_5_x86_64.manylinux1_x86_64.manylinux_2_17_x86_64.manylinux2014_x86_64.whl
      - pypi: https://files.pythonhosted.org/packages/e3/d5/bc0f22ac108743062ab703f8d6d71c9c7b077b8839fa358700bfb81770b8/kiwisolver-1.4.5-cp312-cp312-manylinux_2_17_x86_64.manylinux2014_x86_64.whl
      - pypi: https://files.pythonhosted.org/packages/0d/cb/78283ec2ded91fb74a2ae9ae93f91a897fa578fa78c8c271a7c147f6b8d6/matplotlib-3.9.1-cp312-cp312-manylinux_2_17_x86_64.manylinux2014_x86_64.whl
      - pypi: https://files.pythonhosted.org/packages/08/aa/cc0199a5f0ad350994d660967a8efb233fe0416e4639146c089643407ce6/packaging-24.1-py3-none-any.whl
      - pypi: https://files.pythonhosted.org/packages/3b/f3/a8c6c11fa84b59b9df0cd5694492da8c039a24cd159f0f6918690105c3be/pillow-10.4.0-cp312-cp312-manylinux_2_17_x86_64.manylinux2014_x86_64.whl
      - pypi: https://files.pythonhosted.org/packages/9d/ea/6d76df31432a0e6fdf81681a895f009a4bb47b3c39036db3e1b528191d52/pyparsing-3.1.2-py3-none-any.whl
      - pypi: https://files.pythonhosted.org/packages/ec/57/56b9bcc3c9c6a792fcbaf139543cee77261f3651ca9da0c93f5c1221264b/python_dateutil-2.9.0.post0-py2.py3-none-any.whl
      - pypi: https://files.pythonhosted.org/packages/b4/33/720548182ffa8344418126017aa1d4ab4aeec9a2275f04ce3f3573d8ace8/PyYAML-6.0.1-cp312-cp312-manylinux_2_17_x86_64.manylinux2014_x86_64.whl
      - pypi: https://files.pythonhosted.org/packages/9b/00/ce54410e344b3a6032cd42ed53fe425cf57a66d28e337670292bbb419ebc/scipy-1.14.0-cp312-cp312-manylinux_2_17_x86_64.manylinux2014_x86_64.whl
      - pypi: https://files.pythonhosted.org/packages/d9/5a/e7c31adbe875f2abbb91bd84cf2dc52d792b5a01506781dbcf25c91daf11/six-1.16.0-py2.py3-none-any.whl
      - pypi: .
packages:
- kind: conda
  name: _libgcc_mutex
  version: '0.1'
  build: conda_forge
  subdir: linux-64
  url: https://conda.anaconda.org/conda-forge/linux-64/_libgcc_mutex-0.1-conda_forge.tar.bz2
  sha256: fe51de6107f9edc7aa4f786a70f4a883943bc9d39b3bb7307c04c41410990726
  md5: d7c89558ba9fa0495403155b64376d81
  license: None
  purls: []
  size: 2562
  timestamp: 1578324546067
- kind: conda
  name: _openmp_mutex
  version: '4.5'
  build: 2_gnu
  build_number: 16
  subdir: linux-64
  url: https://conda.anaconda.org/conda-forge/linux-64/_openmp_mutex-4.5-2_gnu.tar.bz2
  sha256: fbe2c5e56a653bebb982eda4876a9178aedfc2b545f25d0ce9c4c0b508253d22
  md5: 73aaf86a425cc6e73fcf236a5a46396d
  depends:
  - _libgcc_mutex 0.1 conda_forge
  - libgomp >=7.5.0
  constrains:
  - openmp_impl 9999
  license: BSD-3-Clause
  license_family: BSD
  purls: []
  size: 23621
  timestamp: 1650670423406
- kind: conda
  name: blosc
  version: 1.21.6
  build: hef167b5_0
  subdir: linux-64
  url: https://conda.anaconda.org/conda-forge/linux-64/blosc-1.21.6-hef167b5_0.conda
  sha256: 6cc260f9c6d32c5e728a2099a52fdd7ee69a782fff7b400d0606fcd32e0f5fd1
  md5: 54fe76ab3d0189acaef95156874db7f9
  depends:
  - libgcc-ng >=12
  - libstdcxx-ng >=12
  - libzlib >=1.3.1,<2.0a0
  - lz4-c >=1.9.3,<1.10.0a0
  - snappy >=1.2.0,<1.3.0a0
  - zstd >=1.5.6,<1.6.0a0
  license: BSD-3-Clause
  license_family: BSD
  purls: []
  size: 48842
  timestamp: 1719266029046
- kind: conda
  name: bzip2
  version: 1.0.8
  build: hd590300_5
  build_number: 5
  subdir: linux-64
  url: https://conda.anaconda.org/conda-forge/linux-64/bzip2-1.0.8-hd590300_5.conda
  sha256: 242c0c324507ee172c0e0dd2045814e746bb303d1eb78870d182ceb0abc726a8
  md5: 69b8b6202a07720f448be700e300ccf4
  depends:
  - libgcc-ng >=12
  license: bzip2-1.0.6
  license_family: BSD
  purls: []
  size: 254228
  timestamp: 1699279927352
- kind: conda
  name: c-ares
  version: 1.28.1
  build: hd590300_0
  subdir: linux-64
  url: https://conda.anaconda.org/conda-forge/linux-64/c-ares-1.28.1-hd590300_0.conda
  sha256: cb25063f3342149c7924b21544109696197a9d774f1407567477d4f3026bf38a
  md5: dcde58ff9a1f30b0037a2315d1846d1f
  depends:
  - libgcc-ng >=12
  license: MIT
  license_family: MIT
  purls: []
  size: 168875
  timestamp: 1711819445938
- kind: conda
  name: ca-certificates
  version: 2024.7.4
  build: hbcca054_0
  subdir: linux-64
  url: https://conda.anaconda.org/conda-forge/linux-64/ca-certificates-2024.7.4-hbcca054_0.conda
  sha256: c1548a3235376f464f9931850b64b02492f379b2f2bb98bc786055329b080446
  md5: 23ab7665c5f63cfb9f1f6195256daac6
  license: ISC
  purls: []
  size: 154853
  timestamp: 1720077432978
- kind: conda
  name: certifi
  version: 2024.6.2
  build: pyhd8ed1ab_0
  subdir: noarch
  noarch: python
  url: https://conda.anaconda.org/conda-forge/noarch/certifi-2024.6.2-pyhd8ed1ab_0.conda
  sha256: f101b8f9155b79d623601214eb719747ffe1c2ad3ff6c4e600f59163bd5f4803
  md5: 8821ec1c8fcdc9e1d291d7b9f6e9968a
  depends:
  - python >=3.7
  license: ISC
  purls:
  - pkg:pypi/certifi?source=conda-forge-mapping
  size: 160543
  timestamp: 1718025161969
- kind: conda
  name: cftime
  version: 1.6.4
  build: py312h085067d_0
  subdir: linux-64
  url: https://conda.anaconda.org/conda-forge/linux-64/cftime-1.6.4-py312h085067d_0.conda
  sha256: 012a195194adaa5886bde21815f764b5652a0a9a818b9892b38c370111e9e54f
  md5: 864d9e92f012bcc49650428d5343c98a
  depends:
  - libgcc-ng >=12
  - numpy >=1.19,<3
  - python >=3.12,<3.13.0a0
  - python_abi 3.12.* *_cp312
  license: MIT
  license_family: MIT
  purls:
  - pkg:pypi/cftime?source=conda-forge-mapping
  size: 248107
  timestamp: 1718096615685
- kind: pypi
  name: contourpy
  version: 1.2.1
  url: https://files.pythonhosted.org/packages/01/29/65d81d2546a2487d57e16b2b789bbc0279b081766a75587e60002f16a6b8/contourpy-1.2.1-cp312-cp312-manylinux_2_17_x86_64.manylinux2014_x86_64.whl
  sha256: 9ce6889abac9a42afd07a562c2d6d4b2b7134f83f18571d859b25624a331c90b
  requires_dist:
  - numpy>=1.20
  - furo ; extra == 'docs'
  - sphinx>=7.2 ; extra == 'docs'
  - sphinx-copybutton ; extra == 'docs'
  - bokeh ; extra == 'bokeh'
  - selenium ; extra == 'bokeh'
  - contourpy[bokeh,docs] ; extra == 'mypy'
  - docutils-stubs ; extra == 'mypy'
  - mypy==1.8.0 ; extra == 'mypy'
  - types-pillow ; extra == 'mypy'
  - contourpy[test-no-images] ; extra == 'test'
  - matplotlib ; extra == 'test'
  - pillow ; extra == 'test'
  - pytest ; extra == 'test-no-images'
  - pytest-cov ; extra == 'test-no-images'
  - pytest-xdist ; extra == 'test-no-images'
  - wurlitzer ; extra == 'test-no-images'
  requires_python: '>=3.9'
- kind: pypi
  name: cycler
  version: 0.12.1
  url: https://files.pythonhosted.org/packages/e7/05/c19819d5e3d95294a6f5947fb9b9629efb316b96de511b418c53d245aae6/cycler-0.12.1-py3-none-any.whl
  sha256: 85cef7cff222d8644161529808465972e51340599459b8ac3ccbac5a854e0d30
  requires_dist:
  - ipython ; extra == 'docs'
  - matplotlib ; extra == 'docs'
  - numpydoc ; extra == 'docs'
  - sphinx ; extra == 'docs'
  - pytest ; extra == 'tests'
  - pytest-cov ; extra == 'tests'
  - pytest-xdist ; extra == 'tests'
  requires_python: '>=3.8'
- kind: pypi
  name: fonttools
  version: 4.53.1
  url: https://files.pythonhosted.org/packages/db/2b/5779cfd48625e013c2dfcf0c246474d5b1f5d061a5f1e476037bf9fff3a3/fonttools-4.53.1-cp312-cp312-manylinux_2_5_x86_64.manylinux1_x86_64.manylinux_2_17_x86_64.manylinux2014_x86_64.whl
  sha256: 10f5e6c3510b79ea27bb1ebfcc67048cde9ec67afa87c7dd7efa5c700491ac7f
  requires_dist:
  - fs<3,>=2.2.0 ; extra == 'all'
  - lxml>=4.0 ; extra == 'all'
  - zopfli>=0.1.4 ; extra == 'all'
  - lz4>=1.7.4.2 ; extra == 'all'
  - pycairo ; extra == 'all'
  - matplotlib ; extra == 'all'
  - sympy ; extra == 'all'
  - skia-pathops>=0.5.0 ; extra == 'all'
  - uharfbuzz>=0.23.0 ; extra == 'all'
  - brotlicffi>=0.8.0 ; platform_python_implementation != 'CPython' and extra == 'all'
  - scipy ; platform_python_implementation != 'PyPy' and extra == 'all'
  - brotli>=1.0.1 ; platform_python_implementation == 'CPython' and extra == 'all'
  - munkres ; platform_python_implementation == 'PyPy' and extra == 'all'
  - unicodedata2>=15.1.0 ; python_version <= '3.12' and extra == 'all'
  - xattr ; sys_platform == 'darwin' and extra == 'all'
  - lz4>=1.7.4.2 ; extra == 'graphite'
  - pycairo ; extra == 'interpolatable'
  - scipy ; platform_python_implementation != 'PyPy' and extra == 'interpolatable'
  - munkres ; platform_python_implementation == 'PyPy' and extra == 'interpolatable'
  - lxml>=4.0 ; extra == 'lxml'
  - skia-pathops>=0.5.0 ; extra == 'pathops'
  - matplotlib ; extra == 'plot'
  - uharfbuzz>=0.23.0 ; extra == 'repacker'
  - sympy ; extra == 'symfont'
  - xattr ; sys_platform == 'darwin' and extra == 'type1'
  - fs<3,>=2.2.0 ; extra == 'ufo'
  - unicodedata2>=15.1.0 ; python_version <= '3.12' and extra == 'unicode'
  - zopfli>=0.1.4 ; extra == 'woff'
  - brotlicffi>=0.8.0 ; platform_python_implementation != 'CPython' and extra == 'woff'
  - brotli>=1.0.1 ; platform_python_implementation == 'CPython' and extra == 'woff'
  requires_python: '>=3.8'
- kind: conda
  name: hdf4
  version: 4.2.15
  build: h2a13503_7
  build_number: 7
  subdir: linux-64
  url: https://conda.anaconda.org/conda-forge/linux-64/hdf4-4.2.15-h2a13503_7.conda
  sha256: 0d09b6dc1ce5c4005ae1c6a19dc10767932ef9a5e9c755cfdbb5189ac8fb0684
  md5: bd77f8da987968ec3927990495dc22e4
  depends:
  - libgcc-ng >=12
  - libjpeg-turbo >=3.0.0,<4.0a0
  - libstdcxx-ng >=12
  - libzlib >=1.2.13,<2.0.0a0
  license: BSD-3-Clause
  license_family: BSD
  purls: []
  size: 756742
  timestamp: 1695661547874
- kind: conda
  name: hdf5
  version: 1.14.3
  build: nompi_hdf9ad27_105
  build_number: 105
  subdir: linux-64
  url: https://conda.anaconda.org/conda-forge/linux-64/hdf5-1.14.3-nompi_hdf9ad27_105.conda
  sha256: 2278fa07da6f96e807d402cd55480624d67d2dee202191aaaf278ce5ab23605a
  md5: 7e1729554e209627636a0f6fabcdd115
  depends:
  - libaec >=1.1.3,<2.0a0
  - libcurl >=8.8.0,<9.0a0
  - libgcc-ng >=12
  - libgfortran-ng
  - libgfortran5 >=12.3.0
  - libstdcxx-ng >=12
  - libzlib >=1.2.13,<2.0a0
  - openssl >=3.3.1,<4.0a0
  license: BSD-3-Clause
  license_family: BSD
  purls: []
  size: 3911675
  timestamp: 1717587866574
- kind: conda
  name: icu
  version: '73.2'
  build: h59595ed_0
  subdir: linux-64
  url: https://conda.anaconda.org/conda-forge/linux-64/icu-73.2-h59595ed_0.conda
  sha256: e12fd90ef6601da2875ebc432452590bc82a893041473bc1c13ef29001a73ea8
  md5: cc47e1facc155f91abd89b11e48e72ff
  depends:
  - libgcc-ng >=12
  - libstdcxx-ng >=12
  license: MIT
  license_family: MIT
  purls: []
  size: 12089150
  timestamp: 1692900650789
- kind: conda
  name: keyutils
  version: 1.6.1
  build: h166bdaf_0
  subdir: linux-64
  url: https://conda.anaconda.org/conda-forge/linux-64/keyutils-1.6.1-h166bdaf_0.tar.bz2
  sha256: 150c05a6e538610ca7c43beb3a40d65c90537497a4f6a5f4d15ec0451b6f5ebb
  md5: 30186d27e2c9fa62b45fb1476b7200e3
  depends:
  - libgcc-ng >=10.3.0
  license: LGPL-2.1-or-later
  purls: []
  size: 117831
  timestamp: 1646151697040
- kind: pypi
  name: kiwisolver
  version: 1.4.5
  url: https://files.pythonhosted.org/packages/e3/d5/bc0f22ac108743062ab703f8d6d71c9c7b077b8839fa358700bfb81770b8/kiwisolver-1.4.5-cp312-cp312-manylinux_2_17_x86_64.manylinux2014_x86_64.whl
  sha256: 2270953c0d8cdab5d422bee7d2007f043473f9d2999631c86a223c9db56cbd16
  requires_dist:
  - typing-extensions ; python_version < '3.8'
  requires_python: '>=3.7'
- kind: conda
  name: krb5
  version: 1.21.3
  build: h659f571_0
  subdir: linux-64
  url: https://conda.anaconda.org/conda-forge/linux-64/krb5-1.21.3-h659f571_0.conda
  sha256: 99df692f7a8a5c27cd14b5fb1374ee55e756631b9c3d659ed3ee60830249b238
  md5: 3f43953b7d3fb3aaa1d0d0723d91e368
  depends:
  - keyutils >=1.6.1,<2.0a0
  - libedit >=3.1.20191231,<3.2.0a0
  - libedit >=3.1.20191231,<4.0a0
  - libgcc-ng >=12
  - libstdcxx-ng >=12
  - openssl >=3.3.1,<4.0a0
  license: MIT
  license_family: MIT
  purls: []
  size: 1370023
  timestamp: 1719463201255
- kind: conda
  name: ld_impl_linux-64
  version: '2.40'
  build: hf3520f5_7
  build_number: 7
  subdir: linux-64
  url: https://conda.anaconda.org/conda-forge/linux-64/ld_impl_linux-64-2.40-hf3520f5_7.conda
  sha256: 764b6950aceaaad0c67ef925417594dd14cd2e22fff864aeef455ac259263d15
  md5: b80f2f396ca2c28b8c14c437a4ed1e74
  constrains:
  - binutils_impl_linux-64 2.40
  license: GPL-3.0-only
  license_family: GPL
  purls: []
  size: 707602
  timestamp: 1718625640445
- kind: conda
  name: libaec
  version: 1.1.3
  build: h59595ed_0
  subdir: linux-64
  url: https://conda.anaconda.org/conda-forge/linux-64/libaec-1.1.3-h59595ed_0.conda
  sha256: 2ef420a655528bca9d269086cf33b7e90d2f54ad941b437fb1ed5eca87cee017
  md5: 5e97e271911b8b2001a8b71860c32faa
  depends:
  - libgcc-ng >=12
  - libstdcxx-ng >=12
  license: BSD-2-Clause
  license_family: BSD
  purls: []
  size: 35446
  timestamp: 1711021212685
- kind: conda
  name: libblas
  version: 3.9.0
  build: 22_linux64_openblas
  build_number: 22
  subdir: linux-64
  url: https://conda.anaconda.org/conda-forge/linux-64/libblas-3.9.0-22_linux64_openblas.conda
  sha256: 082b8ac20d43a7bbcdc28b3b1cd40e4df3a8b5daf0a2d23d68953a44d2d12c1b
  md5: 1a2a0cd3153464fee6646f3dd6dad9b8
  depends:
  - libopenblas >=0.3.27,<0.3.28.0a0
  - libopenblas >=0.3.27,<1.0a0
  constrains:
  - libcblas 3.9.0 22_linux64_openblas
  - blas * openblas
  - liblapacke 3.9.0 22_linux64_openblas
  - liblapack 3.9.0 22_linux64_openblas
  license: BSD-3-Clause
  license_family: BSD
  purls: []
  size: 14537
  timestamp: 1712542250081
- kind: conda
  name: libcblas
  version: 3.9.0
  build: 22_linux64_openblas
  build_number: 22
  subdir: linux-64
  url: https://conda.anaconda.org/conda-forge/linux-64/libcblas-3.9.0-22_linux64_openblas.conda
  sha256: da1b2faa017663c8f5555c1c5518e96ac4cd8e0be2a673c1c9e2cb8507c8fe46
  md5: 4b31699e0ec5de64d5896e580389c9a1
  depends:
  - libblas 3.9.0 22_linux64_openblas
  constrains:
  - liblapack 3.9.0 22_linux64_openblas
  - blas * openblas
  - liblapacke 3.9.0 22_linux64_openblas
  license: BSD-3-Clause
  license_family: BSD
  purls: []
  size: 14438
  timestamp: 1712542270166
- kind: conda
  name: libcurl
  version: 8.8.0
  build: hca28451_1
  build_number: 1
  subdir: linux-64
  url: https://conda.anaconda.org/conda-forge/linux-64/libcurl-8.8.0-hca28451_1.conda
  sha256: 6b5b64cdcdb643368ebe236de07eedee99b025bb95129bbe317c46e5bdc693f3
  md5: b8afb3e3cb3423cc445cf611ab95fdb0
  depends:
  - krb5 >=1.21.3,<1.22.0a0
  - libgcc-ng >=12
  - libnghttp2 >=1.58.0,<2.0a0
  - libssh2 >=1.11.0,<2.0a0
  - libzlib >=1.2.13,<2.0a0
  - openssl >=3.3.1,<4.0a0
  - zstd >=1.5.6,<1.6.0a0
  license: curl
  license_family: MIT
  purls: []
  size: 410158
  timestamp: 1719602718702
- kind: conda
  name: libedit
  version: 3.1.20191231
  build: he28a2e2_2
  build_number: 2
  subdir: linux-64
  url: https://conda.anaconda.org/conda-forge/linux-64/libedit-3.1.20191231-he28a2e2_2.tar.bz2
  sha256: a57d37c236d8f7c886e01656f4949d9dcca131d2a0728609c6f7fa338b65f1cf
  md5: 4d331e44109e3f0e19b4cb8f9b82f3e1
  depends:
  - libgcc-ng >=7.5.0
  - ncurses >=6.2,<7.0.0a0
  license: BSD-2-Clause
  license_family: BSD
  purls: []
  size: 123878
  timestamp: 1597616541093
- kind: conda
  name: libev
  version: '4.33'
  build: hd590300_2
  build_number: 2
  subdir: linux-64
  url: https://conda.anaconda.org/conda-forge/linux-64/libev-4.33-hd590300_2.conda
  sha256: 1cd6048169fa0395af74ed5d8f1716e22c19a81a8a36f934c110ca3ad4dd27b4
  md5: 172bf1cd1ff8629f2b1179945ed45055
  depends:
  - libgcc-ng >=12
  license: BSD-2-Clause
  license_family: BSD
  purls: []
  size: 112766
  timestamp: 1702146165126
- kind: conda
  name: libexpat
  version: 2.6.2
  build: h59595ed_0
  subdir: linux-64
  url: https://conda.anaconda.org/conda-forge/linux-64/libexpat-2.6.2-h59595ed_0.conda
  sha256: 331bb7c7c05025343ebd79f86ae612b9e1e74d2687b8f3179faec234f986ce19
  md5: e7ba12deb7020dd080c6c70e7b6f6a3d
  depends:
  - libgcc-ng >=12
  constrains:
  - expat 2.6.2.*
  license: MIT
  license_family: MIT
  purls: []
  size: 73730
  timestamp: 1710362120304
- kind: conda
  name: libffi
  version: 3.4.2
  build: h7f98852_5
  build_number: 5
  subdir: linux-64
  url: https://conda.anaconda.org/conda-forge/linux-64/libffi-3.4.2-h7f98852_5.tar.bz2
  sha256: ab6e9856c21709b7b517e940ae7028ae0737546122f83c2aa5d692860c3b149e
  md5: d645c6d2ac96843a2bfaccd2d62b3ac3
  depends:
  - libgcc-ng >=9.4.0
  license: MIT
  license_family: MIT
  purls: []
  size: 58292
  timestamp: 1636488182923
- kind: conda
  name: libgcc-ng
  version: 14.1.0
  build: h77fa898_0
  subdir: linux-64
  url: https://conda.anaconda.org/conda-forge/linux-64/libgcc-ng-14.1.0-h77fa898_0.conda
  sha256: b8e869ac96591cda2704bf7e77a301025e405227791a0bddf14a3dac65125538
  md5: ca0fad6a41ddaef54a153b78eccb5037
  depends:
  - _libgcc_mutex 0.1 conda_forge
  - _openmp_mutex >=4.5
  constrains:
  - libgomp 14.1.0 h77fa898_0
  license: GPL-3.0-only WITH GCC-exception-3.1
  license_family: GPL
  purls: []
  size: 842109
  timestamp: 1719538896937
- kind: conda
  name: libgfortran-ng
  version: 14.1.0
  build: h69a702a_0
  subdir: linux-64
  url: https://conda.anaconda.org/conda-forge/linux-64/libgfortran-ng-14.1.0-h69a702a_0.conda
  sha256: ef624dacacf97b2b0af39110b36e2fd3e39e358a1a6b7b21b85c9ac22d8ffed9
  md5: f4ca84fbd6d06b0a052fb2d5b96dde41
  depends:
  - libgfortran5 14.1.0 hc5f4f2c_0
  license: GPL-3.0-only WITH GCC-exception-3.1
  license_family: GPL
  purls: []
  size: 49893
  timestamp: 1719538933879
- kind: conda
  name: libgfortran5
  version: 14.1.0
  build: hc5f4f2c_0
  subdir: linux-64
  url: https://conda.anaconda.org/conda-forge/linux-64/libgfortran5-14.1.0-hc5f4f2c_0.conda
  sha256: a67d66b1e60a8a9a9e4440cee627c959acb4810cb182e089a4b0729bfdfbdf90
  md5: 6456c2620c990cd8dde2428a27ba0bc5
  depends:
  - libgcc-ng >=14.1.0
  constrains:
  - libgfortran-ng 14.1.0
  license: GPL-3.0-only WITH GCC-exception-3.1
  license_family: GPL
  purls: []
  size: 1457561
  timestamp: 1719538909168
- kind: conda
  name: libgomp
  version: 14.1.0
  build: h77fa898_0
  subdir: linux-64
  url: https://conda.anaconda.org/conda-forge/linux-64/libgomp-14.1.0-h77fa898_0.conda
  sha256: 7699df61a1f6c644b3576a40f54791561f2845983120477a16116b951c9cdb05
  md5: ae061a5ed5f05818acdf9adab72c146d
  depends:
  - _libgcc_mutex 0.1 conda_forge
  license: GPL-3.0-only WITH GCC-exception-3.1
  license_family: GPL
  purls: []
  size: 456925
  timestamp: 1719538796073
- kind: conda
  name: libiconv
  version: '1.17'
  build: hd590300_2
  build_number: 2
  subdir: linux-64
  url: https://conda.anaconda.org/conda-forge/linux-64/libiconv-1.17-hd590300_2.conda
  sha256: 8ac2f6a9f186e76539439e50505d98581472fedb347a20e7d1f36429849f05c9
  md5: d66573916ffcf376178462f1b61c941e
  depends:
  - libgcc-ng >=12
  license: LGPL-2.1-only
  purls: []
  size: 705775
  timestamp: 1702682170569
- kind: conda
  name: libjpeg-turbo
  version: 3.0.0
  build: hd590300_1
  build_number: 1
  subdir: linux-64
  url: https://conda.anaconda.org/conda-forge/linux-64/libjpeg-turbo-3.0.0-hd590300_1.conda
  sha256: b954e09b7e49c2f2433d6f3bb73868eda5e378278b0f8c1dd10a7ef090e14f2f
  md5: ea25936bb4080d843790b586850f82b8
  depends:
  - libgcc-ng >=12
  constrains:
  - jpeg <0.0.0a
  license: IJG AND BSD-3-Clause AND Zlib
  purls: []
  size: 618575
  timestamp: 1694474974816
- kind: conda
  name: liblapack
  version: 3.9.0
  build: 22_linux64_openblas
  build_number: 22
  subdir: linux-64
  url: https://conda.anaconda.org/conda-forge/linux-64/liblapack-3.9.0-22_linux64_openblas.conda
  sha256: db246341d42f9100d45adeb1a7ba8b1ef5b51ceb9056fd643e98046a3259fde6
  md5: b083767b6c877e24ee597d93b87ab838
  depends:
  - libblas 3.9.0 22_linux64_openblas
  constrains:
  - libcblas 3.9.0 22_linux64_openblas
  - blas * openblas
  - liblapacke 3.9.0 22_linux64_openblas
  license: BSD-3-Clause
  license_family: BSD
  purls: []
  size: 14471
  timestamp: 1712542277696
- kind: conda
  name: libnetcdf
  version: 4.9.2
  build: nompi_h135f659_114
  build_number: 114
  subdir: linux-64
  url: https://conda.anaconda.org/conda-forge/linux-64/libnetcdf-4.9.2-nompi_h135f659_114.conda
  sha256: 055572a4c8a1c3f9ac60071ee678f5ea49cfd7ac60a636d817988a6f9d6de6ae
  md5: a908e463c710bd6b10a9eaa89fdf003c
  depends:
  - blosc >=1.21.5,<2.0a0
  - bzip2 >=1.0.8,<2.0a0
  - hdf4 >=4.2.15,<4.2.16.0a0
  - hdf5 >=1.14.3,<1.14.4.0a0
  - libaec >=1.1.3,<2.0a0
  - libcurl >=8.8.0,<9.0a0
  - libgcc-ng >=12
  - libstdcxx-ng >=12
  - libxml2 >=2.12.7,<3.0a0
  - libzip >=1.10.1,<2.0a0
  - libzlib >=1.2.13,<2.0a0
  - openssl >=3.3.1,<4.0a0
  - zlib
  - zstd >=1.5.6,<1.6.0a0
  license: MIT
  license_family: MIT
  purls: []
  size: 849172
  timestamp: 1717671645362
- kind: conda
  name: libnghttp2
  version: 1.58.0
  build: h47da74e_1
  build_number: 1
  subdir: linux-64
  url: https://conda.anaconda.org/conda-forge/linux-64/libnghttp2-1.58.0-h47da74e_1.conda
  sha256: 1910c5306c6aa5bcbd623c3c930c440e9c77a5a019008e1487810e3c1d3716cb
  md5: 700ac6ea6d53d5510591c4344d5c989a
  depends:
  - c-ares >=1.23.0,<2.0a0
  - libev >=4.33,<4.34.0a0
  - libev >=4.33,<5.0a0
  - libgcc-ng >=12
  - libstdcxx-ng >=12
  - libzlib >=1.2.13,<2.0.0a0
  - openssl >=3.2.0,<4.0a0
  license: MIT
  license_family: MIT
  purls: []
  size: 631936
  timestamp: 1702130036271
- kind: conda
  name: libnsl
  version: 2.0.1
  build: hd590300_0
  subdir: linux-64
  url: https://conda.anaconda.org/conda-forge/linux-64/libnsl-2.0.1-hd590300_0.conda
  sha256: 26d77a3bb4dceeedc2a41bd688564fe71bf2d149fdcf117049970bc02ff1add6
  md5: 30fd6e37fe21f86f4bd26d6ee73eeec7
  depends:
  - libgcc-ng >=12
  license: LGPL-2.1-only
  license_family: GPL
  purls: []
  size: 33408
  timestamp: 1697359010159
- kind: conda
  name: libopenblas
  version: 0.3.27
  build: pthreads_h413a1c8_0
  subdir: linux-64
  url: https://conda.anaconda.org/conda-forge/linux-64/libopenblas-0.3.27-pthreads_h413a1c8_0.conda
  sha256: 2ae7559aed0705deb3f716c7b247c74fd1b5e35b64e39834ce8b95f7564d4a3e
  md5: a356024784da6dfd4683dc5ecf45b155
  depends:
  - libgcc-ng >=12
  - libgfortran-ng
  - libgfortran5 >=12.3.0
  constrains:
  - openblas >=0.3.27,<0.3.28.0a0
  license: BSD-3-Clause
  license_family: BSD
  purls: []
  size: 5598747
  timestamp: 1712364444346
- kind: conda
  name: libsqlite
  version: 3.46.0
  build: hde9e2c9_0
  subdir: linux-64
  url: https://conda.anaconda.org/conda-forge/linux-64/libsqlite-3.46.0-hde9e2c9_0.conda
  sha256: daee3f68786231dad457d0dfde3f7f1f9a7f2018adabdbb864226775101341a8
  md5: 18aa975d2094c34aef978060ae7da7d8
  depends:
  - libgcc-ng >=12
  - libzlib >=1.2.13,<2.0a0
  license: Unlicense
  purls: []
  size: 865346
  timestamp: 1718050628718
- kind: conda
  name: libssh2
  version: 1.11.0
  build: h0841786_0
  subdir: linux-64
  url: https://conda.anaconda.org/conda-forge/linux-64/libssh2-1.11.0-h0841786_0.conda
  sha256: 50e47fd9c4f7bf841a11647ae7486f65220cfc988ec422a4475fe8d5a823824d
  md5: 1f5a58e686b13bcfde88b93f547d23fe
  depends:
  - libgcc-ng >=12
  - libzlib >=1.2.13,<2.0.0a0
  - openssl >=3.1.1,<4.0a0
  license: BSD-3-Clause
  license_family: BSD
  purls: []
  size: 271133
  timestamp: 1685837707056
- kind: conda
  name: libstdcxx-ng
  version: 14.1.0
  build: hc0a3c3a_0
  subdir: linux-64
  url: https://conda.anaconda.org/conda-forge/linux-64/libstdcxx-ng-14.1.0-hc0a3c3a_0.conda
  sha256: 88c42b388202ffe16adaa337e36cf5022c63cf09b0405cf06fc6aeacccbe6146
  md5: 1cb187a157136398ddbaae90713e2498
  depends:
  - libgcc-ng 14.1.0 h77fa898_0
  license: GPL-3.0-only WITH GCC-exception-3.1
  license_family: GPL
  purls: []
  size: 3881307
  timestamp: 1719538923443
- kind: conda
  name: libuuid
  version: 2.38.1
  build: h0b41bf4_0
  subdir: linux-64
  url: https://conda.anaconda.org/conda-forge/linux-64/libuuid-2.38.1-h0b41bf4_0.conda
  sha256: 787eb542f055a2b3de553614b25f09eefb0a0931b0c87dbcce6efdfd92f04f18
  md5: 40b61aab5c7ba9ff276c41cfffe6b80b
  depends:
  - libgcc-ng >=12
  license: BSD-3-Clause
  license_family: BSD
  purls: []
  size: 33601
  timestamp: 1680112270483
- kind: conda
  name: libxcrypt
  version: 4.4.36
  build: hd590300_1
  build_number: 1
  subdir: linux-64
  url: https://conda.anaconda.org/conda-forge/linux-64/libxcrypt-4.4.36-hd590300_1.conda
  sha256: 6ae68e0b86423ef188196fff6207ed0c8195dd84273cb5623b85aa08033a410c
  md5: 5aa797f8787fe7a17d1b0821485b5adc
  depends:
  - libgcc-ng >=12
  license: LGPL-2.1-or-later
  purls: []
  size: 100393
  timestamp: 1702724383534
- kind: conda
  name: libxml2
  version: 2.12.7
  build: hc051c1a_1
  build_number: 1
  subdir: linux-64
  url: https://conda.anaconda.org/conda-forge/linux-64/libxml2-2.12.7-hc051c1a_1.conda
  sha256: 576ea9134176636283ff052897bf7a91ffd8ac35b2c505dfde2890ec52849698
  md5: 340278ded8b0dc3a73f3660bbb0adbc6
  depends:
  - icu >=73.2,<74.0a0
  - libgcc-ng >=12
  - libiconv >=1.17,<2.0a0
  - libzlib >=1.2.13,<2.0a0
  - xz >=5.2.6,<6.0a0
  license: MIT
  license_family: MIT
  purls: []
  size: 704984
  timestamp: 1717546454837
- kind: conda
  name: libzip
  version: 1.10.1
  build: h2629f0a_3
  build_number: 3
  subdir: linux-64
  url: https://conda.anaconda.org/conda-forge/linux-64/libzip-1.10.1-h2629f0a_3.conda
  sha256: 84e93f189072dcfcbe77744f19c7e4171523fbecfaba7352e5a23bbe014574c7
  md5: ac79812548e7e8cf61f7b0abdef01d3b
  depends:
  - bzip2 >=1.0.8,<2.0a0
  - libgcc-ng >=12
  - libzlib >=1.2.13,<2.0.0a0
  - openssl >=3.1.2,<4.0a0
  license: BSD-3-Clause
  license_family: BSD
  purls: []
  size: 107198
  timestamp: 1694416433629
- kind: conda
  name: libzlib
  version: 1.3.1
  build: h4ab18f5_1
  build_number: 1
  subdir: linux-64
  url: https://conda.anaconda.org/conda-forge/linux-64/libzlib-1.3.1-h4ab18f5_1.conda
  sha256: adf6096f98b537a11ae3729eaa642b0811478f0ea0402ca67b5108fe2cb0010d
  md5: 57d7dc60e9325e3de37ff8dffd18e814
  depends:
  - libgcc-ng >=12
  constrains:
  - zlib 1.3.1 *_1
  license: Zlib
  license_family: Other
  purls: []
  size: 61574
  timestamp: 1716874187109
- kind: conda
  name: lz4-c
  version: 1.9.4
  build: hcb278e6_0
  subdir: linux-64
  url: https://conda.anaconda.org/conda-forge/linux-64/lz4-c-1.9.4-hcb278e6_0.conda
  sha256: 1b4c105a887f9b2041219d57036f72c4739ab9e9fe5a1486f094e58c76b31f5f
  md5: 318b08df404f9c9be5712aaa5a6f0bb0
  depends:
  - libgcc-ng >=12
  - libstdcxx-ng >=12
  license: BSD-2-Clause
  license_family: BSD
  purls: []
  size: 143402
  timestamp: 1674727076728
- kind: pypi
  name: matplotlib
  version: 3.9.1
  url: https://files.pythonhosted.org/packages/0d/cb/78283ec2ded91fb74a2ae9ae93f91a897fa578fa78c8c271a7c147f6b8d6/matplotlib-3.9.1-cp312-cp312-manylinux_2_17_x86_64.manylinux2014_x86_64.whl
  sha256: d12cb1837cffaac087ad6b44399d5e22b78c729de3cdae4629e252067b705e2b
  requires_dist:
  - contourpy>=1.0.1
  - cycler>=0.10
  - fonttools>=4.22.0
  - kiwisolver>=1.3.1
  - numpy>=1.23
  - packaging>=20.0
  - pillow>=8
  - pyparsing>=2.3.1
  - python-dateutil>=2.7
  - importlib-resources>=3.2.0 ; python_version < '3.10'
  - meson-python>=0.13.1 ; extra == 'dev'
  - numpy>=1.25 ; extra == 'dev'
  - pybind11>=2.6 ; extra == 'dev'
  - setuptools-scm>=7 ; extra == 'dev'
  - setuptools>=64 ; extra == 'dev'
  requires_python: '>=3.9'
- kind: conda
  name: ncurses
  version: '6.5'
  build: h59595ed_0
  subdir: linux-64
  url: https://conda.anaconda.org/conda-forge/linux-64/ncurses-6.5-h59595ed_0.conda
  sha256: 4fc3b384f4072b68853a0013ea83bdfd3d66b0126e2238e1d6e1560747aa7586
  md5: fcea371545eda051b6deafb24889fc69
  depends:
  - libgcc-ng >=12
  license: X11 AND BSD-3-Clause
  purls: []
  size: 887465
  timestamp: 1715194722503
- kind: conda
  name: netcdf4
  version: 1.7.1
  build: nompi_py312h1ef7fb6_101
  build_number: 101
  subdir: linux-64
  url: https://conda.anaconda.org/conda-forge/linux-64/netcdf4-1.7.1-nompi_py312h1ef7fb6_101.conda
  sha256: 4a9db499859641461c3b77bf8f4d152bc4106a0c85273fc64a4eaf8661f9bd50
  md5: c67cc8e3a34c5cb8920c79918112e96f
  depends:
  - certifi
  - cftime
  - hdf5 >=1.14.3,<1.14.4.0a0
  - libgcc-ng >=12
  - libnetcdf >=4.9.2,<4.9.3.0a0
  - libzlib >=1.3.1,<2.0a0
  - numpy >=1.19,<3
  - python >=3.12,<3.13.0a0
  - python_abi 3.12.* *_cp312
  - setuptools
  license: MIT
  license_family: MIT
  purls:
  - pkg:pypi/netcdf4?source=conda-forge-mapping
  size: 1138125
  timestamp: 1718724319970
- kind: conda
  name: numpy
  version: 2.0.0
  build: py312h22e1c76_0
  subdir: linux-64
  url: https://conda.anaconda.org/conda-forge/linux-64/numpy-2.0.0-py312h22e1c76_0.conda
  sha256: e5fc4a1053c8f02db78d4a50733d6c84d04e3c781749ae7478876ecdcd8c87ca
  md5: 7956c7d65f87aecaba720af6088e72c3
  depends:
  - libblas >=3.9.0,<4.0a0
  - libcblas >=3.9.0,<4.0a0
  - libgcc-ng >=12
  - liblapack >=3.9.0,<4.0a0
  - libstdcxx-ng >=12
  - python >=3.12,<3.13.0a0
  - python_abi 3.12.* *_cp312
  constrains:
  - numpy-base <0a0
  license: BSD-3-Clause
  license_family: BSD
  purls:
  - pkg:pypi/numpy?source=conda-forge-mapping
  size: 8352992
  timestamp: 1718615528478
- kind: conda
  name: openssl
  version: 3.3.1
  build: h4ab18f5_1
  build_number: 1
  subdir: linux-64
  url: https://conda.anaconda.org/conda-forge/linux-64/openssl-3.3.1-h4ab18f5_1.conda
  sha256: ff3faf8d4c1c9aa4bd3263b596a68fcc6ac910297f354b2ce28718a3509db6d9
  md5: b1e9d076f14e8d776213fd5047b4c3d9
  depends:
  - ca-certificates
  - libgcc-ng >=12
  constrains:
  - pyopenssl >=22.1
  license: Apache-2.0
  license_family: Apache
  purls: []
  size: 2896610
  timestamp: 1719363957188
- kind: pypi
  name: packaging
  version: '24.1'
  url: https://files.pythonhosted.org/packages/08/aa/cc0199a5f0ad350994d660967a8efb233fe0416e4639146c089643407ce6/packaging-24.1-py3-none-any.whl
  sha256: 5b8f2217dbdbd2f7f384c41c628544e6d52f2d0f53c6d0c3ea61aa5d1d7ff124
  requires_python: '>=3.8'
- kind: pypi
  name: pillow
  version: 10.4.0
  url: https://files.pythonhosted.org/packages/3b/f3/a8c6c11fa84b59b9df0cd5694492da8c039a24cd159f0f6918690105c3be/pillow-10.4.0-cp312-cp312-manylinux_2_17_x86_64.manylinux2014_x86_64.whl
  sha256: bf2342ac639c4cf38799a44950bbc2dfcb685f052b9e262f446482afaf4bffca
  requires_dist:
  - furo ; extra == 'docs'
  - olefile ; extra == 'docs'
  - sphinx>=7.3 ; extra == 'docs'
  - sphinx-copybutton ; extra == 'docs'
  - sphinx-inline-tabs ; extra == 'docs'
  - sphinxext-opengraph ; extra == 'docs'
  - olefile ; extra == 'fpx'
  - olefile ; extra == 'mic'
  - check-manifest ; extra == 'tests'
  - coverage ; extra == 'tests'
  - defusedxml ; extra == 'tests'
  - markdown2 ; extra == 'tests'
  - olefile ; extra == 'tests'
  - packaging ; extra == 'tests'
  - pyroma ; extra == 'tests'
  - pytest ; extra == 'tests'
  - pytest-cov ; extra == 'tests'
  - pytest-timeout ; extra == 'tests'
  - typing-extensions ; python_version < '3.10' and extra == 'typing'
  - defusedxml ; extra == 'xmp'
  requires_python: '>=3.8'
- kind: pypi
  name: pyparsing
  version: 3.1.2
  url: https://files.pythonhosted.org/packages/9d/ea/6d76df31432a0e6fdf81681a895f009a4bb47b3c39036db3e1b528191d52/pyparsing-3.1.2-py3-none-any.whl
  sha256: f9db75911801ed778fe61bb643079ff86601aca99fcae6345aa67292038fb742
  requires_dist:
  - railroad-diagrams ; extra == 'diagrams'
  - jinja2 ; extra == 'diagrams'
  requires_python: '>=3.6.8'
- kind: conda
  name: python
  version: 3.12.4
  build: h194c7f8_0_cpython
  subdir: linux-64
  url: https://conda.anaconda.org/conda-forge/linux-64/python-3.12.4-h194c7f8_0_cpython.conda
  sha256: 97a78631e6c928bf7ad78d52f7f070fcf3bd37619fa48dc4394c21cf3058cdee
  md5: d73490214f536cccb5819e9873048c92
  depends:
  - bzip2 >=1.0.8,<2.0a0
  - ld_impl_linux-64 >=2.36.1
  - libexpat >=2.6.2,<3.0a0
  - libffi >=3.4,<4.0a0
  - libgcc-ng >=12
  - libnsl >=2.0.1,<2.1.0a0
  - libsqlite >=3.46.0,<4.0a0
  - libuuid >=2.38.1,<3.0a0
  - libxcrypt >=4.4.36
  - libzlib >=1.3.1,<2.0a0
  - ncurses >=6.5,<7.0a0
  - openssl >=3.3.1,<4.0a0
  - readline >=8.2,<9.0a0
  - tk >=8.6.13,<8.7.0a0
  - tzdata
  - xz >=5.2.6,<6.0a0
  constrains:
  - python_abi 3.12.* *_cp312
  license: Python-2.0
  purls: []
  size: 32073625
  timestamp: 1718621771849
- kind: pypi
  name: python-dateutil
  version: 2.9.0.post0
  url: https://files.pythonhosted.org/packages/ec/57/56b9bcc3c9c6a792fcbaf139543cee77261f3651ca9da0c93f5c1221264b/python_dateutil-2.9.0.post0-py2.py3-none-any.whl
  sha256: a8b2bc7bffae282281c8140a97d3aa9c14da0b136dfe83f850eea9a5f7470427
  requires_dist:
  - six>=1.5
  requires_python: '!=3.0.*,!=3.1.*,!=3.2.*,>=2.7'
- kind: conda
  name: python_abi
  version: '3.12'
  build: 4_cp312
  build_number: 4
  subdir: linux-64
  url: https://conda.anaconda.org/conda-forge/linux-64/python_abi-3.12-4_cp312.conda
  sha256: 182a329de10a4165f6e8a3804caf751f918f6ea6176dd4e5abcdae1ed3095bf6
  md5: dccc2d142812964fcc6abdc97b672dff
  constrains:
  - python 3.12.* *_cpython
  license: BSD-3-Clause
  license_family: BSD
  purls: []
  size: 6385
  timestamp: 1695147396604
- kind: pypi
  name: pyyaml
  version: 6.0.1
  url: https://files.pythonhosted.org/packages/b4/33/720548182ffa8344418126017aa1d4ab4aeec9a2275f04ce3f3573d8ace8/PyYAML-6.0.1-cp312-cp312-manylinux_2_17_x86_64.manylinux2014_x86_64.whl
  sha256: 6c22bec3fbe2524cde73d7ada88f6566758a8f7227bfbf93a408a9d86bcc12a0
  requires_python: '>=3.6'
- kind: conda
  name: readline
  version: '8.2'
  build: h8228510_1
  build_number: 1
  subdir: linux-64
  url: https://conda.anaconda.org/conda-forge/linux-64/readline-8.2-h8228510_1.conda
  sha256: 5435cf39d039387fbdc977b0a762357ea909a7694d9528ab40f005e9208744d7
  md5: 47d31b792659ce70f470b5c82fdfb7a4
  depends:
  - libgcc-ng >=12
  - ncurses >=6.3,<7.0a0
  license: GPL-3.0-only
  license_family: GPL
  purls: []
  size: 281456
  timestamp: 1679532220005
- kind: pypi
  name: scipy
  version: 1.14.0
  url: https://files.pythonhosted.org/packages/9b/00/ce54410e344b3a6032cd42ed53fe425cf57a66d28e337670292bbb419ebc/scipy-1.14.0-cp312-cp312-manylinux_2_17_x86_64.manylinux2014_x86_64.whl
  sha256: a01cc03bcdc777c9da3cfdcc74b5a75caffb48a6c39c8450a9a05f82c4250a14
  requires_dist:
  - numpy<2.3,>=1.23.5
  - pytest ; extra == 'test'
  - pytest-cov ; extra == 'test'
  - pytest-timeout ; extra == 'test'
  - pytest-xdist ; extra == 'test'
  - asv ; extra == 'test'
  - mpmath ; extra == 'test'
  - gmpy2 ; extra == 'test'
  - threadpoolctl ; extra == 'test'
  - scikit-umfpack ; extra == 'test'
  - pooch ; extra == 'test'
  - hypothesis>=6.30 ; extra == 'test'
  - array-api-strict ; extra == 'test'
  - cython ; extra == 'test'
  - meson ; extra == 'test'
  - ninja ; sys_platform != 'emscripten' and extra == 'test'
  - sphinx>=5.0.0 ; extra == 'doc'
  - pydata-sphinx-theme>=0.15.2 ; extra == 'doc'
  - sphinx-design>=0.4.0 ; extra == 'doc'
  - matplotlib>=3.5 ; extra == 'doc'
  - numpydoc ; extra == 'doc'
  - jupytext ; extra == 'doc'
  - myst-nb ; extra == 'doc'
  - pooch ; extra == 'doc'
  - jupyterlite-sphinx>=0.13.1 ; extra == 'doc'
  - jupyterlite-pyodide-kernel ; extra == 'doc'
  - mypy==1.10.0 ; extra == 'dev'
  - typing-extensions ; extra == 'dev'
  - types-psutil ; extra == 'dev'
  - pycodestyle ; extra == 'dev'
  - ruff>=0.0.292 ; extra == 'dev'
  - cython-lint>=0.12.2 ; extra == 'dev'
  - rich-click ; extra == 'dev'
  - doit>=0.36.0 ; extra == 'dev'
  - pydevtool ; extra == 'dev'
  requires_python: '>=3.10'
- kind: conda
  name: setuptools
  version: 70.1.1
  build: pyhd8ed1ab_0
  subdir: noarch
  noarch: python
  url: https://conda.anaconda.org/conda-forge/noarch/setuptools-70.1.1-pyhd8ed1ab_0.conda
  sha256: 34ecbc63df6052a320838335a0e594b60050c92de79254045e52095bc27dde03
  md5: 985e9e86e1b0fc75a74a9bfab9309ef7
  depends:
  - python >=3.8
  license: MIT
  license_family: MIT
  purls:
  - pkg:pypi/setuptools?source=conda-forge-mapping
  size: 496940
  timestamp: 1719325175003
- kind: pypi
  name: six
  version: 1.16.0
  url: https://files.pythonhosted.org/packages/d9/5a/e7c31adbe875f2abbb91bd84cf2dc52d792b5a01506781dbcf25c91daf11/six-1.16.0-py2.py3-none-any.whl
  sha256: 8abb2f1d86890a2dfb989f9a77cfcfd3e47c2a354b01111771326f8aa26e0254
  requires_python: '>=2.7,!=3.0.*,!=3.1.*,!=3.2.*'
- kind: conda
  name: snappy
  version: 1.2.1
  build: ha2e4443_0
  subdir: linux-64
  url: https://conda.anaconda.org/conda-forge/linux-64/snappy-1.2.1-ha2e4443_0.conda
  sha256: dc7c8e0e8c3e8702aae81c52d940bfaabe756953ee51b1f1757e891bab62cf7f
  md5: 6b7dcc7349efd123d493d2dbe85a045f
  depends:
  - libgcc-ng >=12
  - libstdcxx-ng >=12
  license: BSD-3-Clause
  license_family: BSD
  purls: []
  size: 42465
  timestamp: 1720003704360
- kind: conda
  name: tk
  version: 8.6.13
  build: noxft_h4845f30_101
  build_number: 101
  subdir: linux-64
  url: https://conda.anaconda.org/conda-forge/linux-64/tk-8.6.13-noxft_h4845f30_101.conda
  sha256: e0569c9caa68bf476bead1bed3d79650bb080b532c64a4af7d8ca286c08dea4e
  md5: d453b98d9c83e71da0741bb0ff4d76bc
  depends:
  - libgcc-ng >=12
  - libzlib >=1.2.13,<2.0.0a0
  license: TCL
  license_family: BSD
  purls: []
  size: 3318875
  timestamp: 1699202167581
- kind: conda
  name: tzdata
  version: 2024a
  build: h0c530f3_0
  subdir: noarch
  noarch: generic
  url: https://conda.anaconda.org/conda-forge/noarch/tzdata-2024a-h0c530f3_0.conda
  sha256: 7b2b69c54ec62a243eb6fba2391b5e443421608c3ae5dbff938ad33ca8db5122
  md5: 161081fc7cec0bfda0d86d7cb595f8d8
  license: LicenseRef-Public-Domain
  purls: []
  size: 119815
  timestamp: 1706886945727
- kind: pypi
  name: wxmap
  version: 0.0.1
  path: .
  sha256: 299768779b7c8cb19ce45ddeb426997297e5686c0ed9bdbebe9a6e71c1c86d07
  requires_dist:
  - matplotlib
  - netcdf4
  - numpy
  - pillow
  - pyyaml
  - scipy
  requires_python: '>=3.9'
  editable: true
- kind: conda
  name: xz
  version: 5.2.6
  build: h166bdaf_0
  subdir: linux-64
  url: https://conda.anaconda.org/conda-forge/linux-64/xz-5.2.6-h166bdaf_0.tar.bz2
  sha256: 03a6d28ded42af8a347345f82f3eebdd6807a08526d47899a42d62d319609162
  md5: 2161070d867d1b1204ea749c8eec4ef0
  depends:
  - libgcc-ng >=12
  license: LGPL-2.1 and GPL-2.0
  purls: []
  size: 418368
  timestamp: 1660346797927
- kind: conda
  name: zlib
  version: 1.3.1
  build: h4ab18f5_1
  build_number: 1
  subdir: linux-64
  url: https://conda.anaconda.org/conda-forge/linux-64/zlib-1.3.1-h4ab18f5_1.conda
  sha256: cee16ab07a11303de721915f0a269e8c7a54a5c834aa52f74b1cc3a59000ade8
  md5: 9653f1bf3766164d0e65fa723cabbc54
  depends:
  - libgcc-ng >=12
  - libzlib 1.3.1 h4ab18f5_1
  license: Zlib
  license_family: Other
  purls: []
  size: 93004
  timestamp: 1716874213487
- kind: conda
  name: zstd
  version: 1.5.6
  build: ha6fb4c9_0
  subdir: linux-64
  url: https://conda.anaconda.org/conda-forge/linux-64/zstd-1.5.6-ha6fb4c9_0.conda
  sha256: c558b9cc01d9c1444031bd1ce4b9cff86f9085765f17627a6cd85fc623c8a02b
  md5: 4d056880988120e29d75bfff282e0f45
  depends:
  - libgcc-ng >=12
  - libstdcxx-ng >=12
  - libzlib >=1.2.13,<2.0.0a0
  license: BSD-3-Clause
  license_family: BSD
  purls: []
  size: 554846
  timestamp: 1714722996770
